// !$*UTF8*$!
{
	archiveVersion = 1;
	classes = {
	};
	objectVersion = 56;
	objects = {

/* Begin PBXBuildFile section */
		B705EECC2AC78DAF00330147 /* SearchModel.swift in Sources */ = {isa = PBXBuildFile; fileRef = B705EECB2AC78DAF00330147 /* SearchModel.swift */; };
		B729163E2ABF93FB00CAB59C /* DetailsView.swift in Sources */ = {isa = PBXBuildFile; fileRef = B729163D2ABF93FB00CAB59C /* DetailsView.swift */; };
		B72916452AC0774400CAB59C /* RootView.swift in Sources */ = {isa = PBXBuildFile; fileRef = B72916442AC0774400CAB59C /* RootView.swift */; };
		B72916482AC0835000CAB59C /* SearchView.swift in Sources */ = {isa = PBXBuildFile; fileRef = B72916472AC0835000CAB59C /* SearchView.swift */; };
		B729164A2AC0843300CAB59C /* SearchViewModel.swift in Sources */ = {isa = PBXBuildFile; fileRef = B72916492AC0843300CAB59C /* SearchViewModel.swift */; };
		B73FFE182AC1C1E9008A2E30 /* ContentModel.swift in Sources */ = {isa = PBXBuildFile; fileRef = B73FFE172AC1C1E9008A2E30 /* ContentModel.swift */; };
		B7434C922ABE612200E4E90D /* Movie_AppApp.swift in Sources */ = {isa = PBXBuildFile; fileRef = B7434C912ABE612200E4E90D /* Movie_AppApp.swift */; };
		B7434C942ABE612200E4E90D /* HomeView.swift in Sources */ = {isa = PBXBuildFile; fileRef = B7434C932ABE612200E4E90D /* HomeView.swift */; };
		B7434C962ABE612500E4E90D /* Assets.xcassets in Resources */ = {isa = PBXBuildFile; fileRef = B7434C952ABE612500E4E90D /* Assets.xcassets */; };
		B7434C9A2ABE612500E4E90D /* Preview Assets.xcassets in Resources */ = {isa = PBXBuildFile; fileRef = B7434C992ABE612500E4E90D /* Preview Assets.xcassets */; };
		B7434CA82ABF234C00E4E90D /* HomeViewModel.swift in Sources */ = {isa = PBXBuildFile; fileRef = B7434CA72ABF234C00E4E90D /* HomeViewModel.swift */; };
		B7434CAA2ABF258C00E4E90D /* Extensions.swift in Sources */ = {isa = PBXBuildFile; fileRef = B7434CA92ABF258C00E4E90D /* Extensions.swift */; };
		B7434CAD2ABF29C500E4E90D /* PosterView.swift in Sources */ = {isa = PBXBuildFile; fileRef = B7434CAC2ABF29C500E4E90D /* PosterView.swift */; };
		B7434CB02ABF3D2400E4E90D /* GenreToggleStyle.swift in Sources */ = {isa = PBXBuildFile; fileRef = B7434CAF2ABF3D2400E4E90D /* GenreToggleStyle.swift */; };
		B76CCF472AC4D43A00755757 /* NetworkManager.swift in Sources */ = {isa = PBXBuildFile; fileRef = B76CCF462AC4D43A00755757 /* NetworkManager.swift */; };
		B76CCF492AC4DC8F00755757 /* RootViewModel.swift in Sources */ = {isa = PBXBuildFile; fileRef = B76CCF482AC4DC8F00755757 /* RootViewModel.swift */; };
		B76CCF4B2AC5016700755757 /* FavoritesView.swift in Sources */ = {isa = PBXBuildFile; fileRef = B76CCF4A2AC5016700755757 /* FavoritesView.swift */; };
/* End PBXBuildFile section */

/* Begin PBXFileReference section */
		B705EECB2AC78DAF00330147 /* SearchModel.swift */ = {isa = PBXFileReference; lastKnownFileType = sourcecode.swift; path = SearchModel.swift; sourceTree = "<group>"; };
		B729163D2ABF93FB00CAB59C /* DetailsView.swift */ = {isa = PBXFileReference; lastKnownFileType = sourcecode.swift; path = DetailsView.swift; sourceTree = "<group>"; };
		B72916442AC0774400CAB59C /* RootView.swift */ = {isa = PBXFileReference; lastKnownFileType = sourcecode.swift; path = RootView.swift; sourceTree = "<group>"; };
		B72916472AC0835000CAB59C /* SearchView.swift */ = {isa = PBXFileReference; lastKnownFileType = sourcecode.swift; path = SearchView.swift; sourceTree = "<group>"; };
		B72916492AC0843300CAB59C /* SearchViewModel.swift */ = {isa = PBXFileReference; lastKnownFileType = sourcecode.swift; path = SearchViewModel.swift; sourceTree = "<group>"; };
		B73FFE172AC1C1E9008A2E30 /* ContentModel.swift */ = {isa = PBXFileReference; lastKnownFileType = sourcecode.swift; path = ContentModel.swift; sourceTree = "<group>"; };
		B7434C8E2ABE612200E4E90D /* Movie App.app */ = {isa = PBXFileReference; explicitFileType = wrapper.application; includeInIndex = 0; path = "Movie App.app"; sourceTree = BUILT_PRODUCTS_DIR; };
		B7434C912ABE612200E4E90D /* Movie_AppApp.swift */ = {isa = PBXFileReference; lastKnownFileType = sourcecode.swift; path = Movie_AppApp.swift; sourceTree = "<group>"; };
		B7434C932ABE612200E4E90D /* HomeView.swift */ = {isa = PBXFileReference; lastKnownFileType = sourcecode.swift; path = HomeView.swift; sourceTree = "<group>"; };
		B7434C952ABE612500E4E90D /* Assets.xcassets */ = {isa = PBXFileReference; lastKnownFileType = folder.assetcatalog; path = Assets.xcassets; sourceTree = "<group>"; };
		B7434C972ABE612500E4E90D /* Movie_App.entitlements */ = {isa = PBXFileReference; lastKnownFileType = text.plist.entitlements; path = Movie_App.entitlements; sourceTree = "<group>"; };
		B7434C992ABE612500E4E90D /* Preview Assets.xcassets */ = {isa = PBXFileReference; lastKnownFileType = folder.assetcatalog; path = "Preview Assets.xcassets"; sourceTree = "<group>"; };
		B7434CA72ABF234C00E4E90D /* HomeViewModel.swift */ = {isa = PBXFileReference; lastKnownFileType = sourcecode.swift; path = HomeViewModel.swift; sourceTree = "<group>"; };
		B7434CA92ABF258C00E4E90D /* Extensions.swift */ = {isa = PBXFileReference; lastKnownFileType = sourcecode.swift; path = Extensions.swift; sourceTree = "<group>"; };
		B7434CAC2ABF29C500E4E90D /* PosterView.swift */ = {isa = PBXFileReference; lastKnownFileType = sourcecode.swift; path = PosterView.swift; sourceTree = "<group>"; };
		B7434CAF2ABF3D2400E4E90D /* GenreToggleStyle.swift */ = {isa = PBXFileReference; lastKnownFileType = sourcecode.swift; path = GenreToggleStyle.swift; sourceTree = "<group>"; };
		B76CCF462AC4D43A00755757 /* NetworkManager.swift */ = {isa = PBXFileReference; lastKnownFileType = sourcecode.swift; path = NetworkManager.swift; sourceTree = "<group>"; };
		B76CCF482AC4DC8F00755757 /* RootViewModel.swift */ = {isa = PBXFileReference; lastKnownFileType = sourcecode.swift; path = RootViewModel.swift; sourceTree = "<group>"; };
		B76CCF4A2AC5016700755757 /* FavoritesView.swift */ = {isa = PBXFileReference; lastKnownFileType = sourcecode.swift; path = FavoritesView.swift; sourceTree = "<group>"; };
/* End PBXFileReference section */

/* Begin PBXFrameworksBuildPhase section */
		B7434C8B2ABE612200E4E90D /* Frameworks */ = {
			isa = PBXFrameworksBuildPhase;
			buildActionMask = 2147483647;
			files = (
			);
			runOnlyForDeploymentPostprocessing = 0;
		};
/* End PBXFrameworksBuildPhase section */

/* Begin PBXGroup section */
		B729163C2ABF93EF00CAB59C /* SingleViews */ = {
			isa = PBXGroup;
			children = (
				B729163D2ABF93FB00CAB59C /* DetailsView.swift */,
				B76CCF4A2AC5016700755757 /* FavoritesView.swift */,
			);
			path = SingleViews;
			sourceTree = "<group>";
		};
		B72916432AC0773200CAB59C /* RootView */ = {
			isa = PBXGroup;
			children = (
				B72916442AC0774400CAB59C /* RootView.swift */,
				B76CCF482AC4DC8F00755757 /* RootViewModel.swift */,
			);
			path = RootView;
			sourceTree = "<group>";
		};
		B72916462AC0833F00CAB59C /* SearchView */ = {
			isa = PBXGroup;
			children = (
				B72916472AC0835000CAB59C /* SearchView.swift */,
				B72916492AC0843300CAB59C /* SearchViewModel.swift */,
			);
			path = SearchView;
			sourceTree = "<group>";
		};
		B729164B2AC0B75500CAB59C /* Others */ = {
			isa = PBXGroup;
			children = (
				B729163C2ABF93EF00CAB59C /* SingleViews */,
				B7434CAB2ABF29B300E4E90D /* Components */,
				B7434CAE2ABF3D0D00E4E90D /* Styles */,
			);
			path = Others;
			sourceTree = "<group>";
		};
		B7434C852ABE612200E4E90D = {
			isa = PBXGroup;
			children = (
				B7434C902ABE612200E4E90D /* Movie App */,
				B7434C8F2ABE612200E4E90D /* Products */,
			);
			sourceTree = "<group>";
		};
		B7434C8F2ABE612200E4E90D /* Products */ = {
			isa = PBXGroup;
			children = (
				B7434C8E2ABE612200E4E90D /* Movie App.app */,
			);
			name = Products;
			sourceTree = "<group>";
		};
		B7434C902ABE612200E4E90D /* Movie App */ = {
			isa = PBXGroup;
			children = (
				B7434C912ABE612200E4E90D /* Movie_AppApp.swift */,
				B7434CA12ABF1A0300E4E90D /* Models */,
				B76CCF452AC4D42B00755757 /* NetworkManager */,
				B7434CA02ABF19E600E4E90D /* Views */,
				B7434CA22ABF1A1000E4E90D /* Resources */,
				B7434C972ABE612500E4E90D /* Movie_App.entitlements */,
				B7434C982ABE612500E4E90D /* Preview Content */,
			);
			path = "Movie App";
			sourceTree = "<group>";
		};
		B7434C982ABE612500E4E90D /* Preview Content */ = {
			isa = PBXGroup;
			children = (
				B7434C992ABE612500E4E90D /* Preview Assets.xcassets */,
			);
			path = "Preview Content";
			sourceTree = "<group>";
		};
		B7434CA02ABF19E600E4E90D /* Views */ = {
			isa = PBXGroup;
			children = (
				B7434CA62ABF1A4F00E4E90D /* HomeView */,
				B72916462AC0833F00CAB59C /* SearchView */,
				B72916432AC0773200CAB59C /* RootView */,
				B729164B2AC0B75500CAB59C /* Others */,
			);
			path = Views;
			sourceTree = "<group>";
		};
		B7434CA12ABF1A0300E4E90D /* Models */ = {
			isa = PBXGroup;
			children = (
				B73FFE172AC1C1E9008A2E30 /* ContentModel.swift */,
				B705EECB2AC78DAF00330147 /* SearchModel.swift */,
			);
			path = Models;
			sourceTree = "<group>";
		};
		B7434CA22ABF1A1000E4E90D /* Resources */ = {
			isa = PBXGroup;
			children = (
				B7434C952ABE612500E4E90D /* Assets.xcassets */,
				B7434CA92ABF258C00E4E90D /* Extensions.swift */,
			);
			path = Resources;
			sourceTree = "<group>";
		};
		B7434CA62ABF1A4F00E4E90D /* HomeView */ = {
			isa = PBXGroup;
			children = (
				B7434C932ABE612200E4E90D /* HomeView.swift */,
				B7434CA72ABF234C00E4E90D /* HomeViewModel.swift */,
			);
			path = HomeView;
			sourceTree = "<group>";
		};
		B7434CAB2ABF29B300E4E90D /* Components */ = {
			isa = PBXGroup;
			children = (
				B7434CAC2ABF29C500E4E90D /* PosterView.swift */,
			);
			path = Components;
			sourceTree = "<group>";
		};
		B7434CAE2ABF3D0D00E4E90D /* Styles */ = {
			isa = PBXGroup;
			children = (
				B7434CAF2ABF3D2400E4E90D /* GenreToggleStyle.swift */,
			);
			path = Styles;
			sourceTree = "<group>";
		};
		B76CCF452AC4D42B00755757 /* NetworkManager */ = {
			isa = PBXGroup;
			children = (
				B76CCF462AC4D43A00755757 /* NetworkManager.swift */,
			);
			path = NetworkManager;
			sourceTree = "<group>";
		};
/* End PBXGroup section */

/* Begin PBXNativeTarget section */
		B7434C8D2ABE612200E4E90D /* Movie App */ = {
			isa = PBXNativeTarget;
			buildConfigurationList = B7434C9D2ABE612500E4E90D /* Build configuration list for PBXNativeTarget "Movie App" */;
			buildPhases = (
				B7434C8A2ABE612200E4E90D /* Sources */,
				B7434C8B2ABE612200E4E90D /* Frameworks */,
				B7434C8C2ABE612200E4E90D /* Resources */,
			);
			buildRules = (
			);
			dependencies = (
			);
			name = "Movie App";
			packageProductDependencies = (
			);
			productName = "Movie App";
			productReference = B7434C8E2ABE612200E4E90D /* Movie App.app */;
			productType = "com.apple.product-type.application";
		};
/* End PBXNativeTarget section */

/* Begin PBXProject section */
		B7434C862ABE612200E4E90D /* Project object */ = {
			isa = PBXProject;
			attributes = {
				BuildIndependentTargetsInParallel = 1;
				LastSwiftUpdateCheck = 1430;
				LastUpgradeCheck = 1430;
				TargetAttributes = {
					B7434C8D2ABE612200E4E90D = {
						CreatedOnToolsVersion = 14.3.1;
					};
				};
			};
			buildConfigurationList = B7434C892ABE612200E4E90D /* Build configuration list for PBXProject "Movie App" */;
			compatibilityVersion = "Xcode 14.0";
			developmentRegion = en;
			hasScannedForEncodings = 0;
			knownRegions = (
				en,
				Base,
			);
			mainGroup = B7434C852ABE612200E4E90D;
			packageReferences = (
			);
			productRefGroup = B7434C8F2ABE612200E4E90D /* Products */;
			projectDirPath = "";
			projectRoot = "";
			targets = (
				B7434C8D2ABE612200E4E90D /* Movie App */,
			);
		};
/* End PBXProject section */

/* Begin PBXResourcesBuildPhase section */
		B7434C8C2ABE612200E4E90D /* Resources */ = {
			isa = PBXResourcesBuildPhase;
			buildActionMask = 2147483647;
			files = (
				B7434C9A2ABE612500E4E90D /* Preview Assets.xcassets in Resources */,
				B7434C962ABE612500E4E90D /* Assets.xcassets in Resources */,
			);
			runOnlyForDeploymentPostprocessing = 0;
		};
/* End PBXResourcesBuildPhase section */

/* Begin PBXSourcesBuildPhase section */
		B7434C8A2ABE612200E4E90D /* Sources */ = {
			isa = PBXSourcesBuildPhase;
			buildActionMask = 2147483647;
			files = (
				B729164A2AC0843300CAB59C /* SearchViewModel.swift in Sources */,
				B72916482AC0835000CAB59C /* SearchView.swift in Sources */,
				B7434CAD2ABF29C500E4E90D /* PosterView.swift in Sources */,
				B705EECC2AC78DAF00330147 /* SearchModel.swift in Sources */,
				B73FFE182AC1C1E9008A2E30 /* ContentModel.swift in Sources */,
				B76CCF4B2AC5016700755757 /* FavoritesView.swift in Sources */,
				B729163E2ABF93FB00CAB59C /* DetailsView.swift in Sources */,
				B7434C942ABE612200E4E90D /* HomeView.swift in Sources */,
				B7434CA82ABF234C00E4E90D /* HomeViewModel.swift in Sources */,
				B72916452AC0774400CAB59C /* RootView.swift in Sources */,
				B76CCF492AC4DC8F00755757 /* RootViewModel.swift in Sources */,
				B76CCF472AC4D43A00755757 /* NetworkManager.swift in Sources */,
				B7434C922ABE612200E4E90D /* Movie_AppApp.swift in Sources */,
				B7434CAA2ABF258C00E4E90D /* Extensions.swift in Sources */,
				B7434CB02ABF3D2400E4E90D /* GenreToggleStyle.swift in Sources */,
			);
			runOnlyForDeploymentPostprocessing = 0;
		};
/* End PBXSourcesBuildPhase section */

/* Begin XCBuildConfiguration section */
		B7434C9B2ABE612500E4E90D /* Debug */ = {
			isa = XCBuildConfiguration;
			buildSettings = {
				ALWAYS_SEARCH_USER_PATHS = NO;
				CLANG_ANALYZER_NONNULL = YES;
				CLANG_ANALYZER_NUMBER_OBJECT_CONVERSION = YES_AGGRESSIVE;
				CLANG_CXX_LANGUAGE_STANDARD = "gnu++20";
				CLANG_ENABLE_MODULES = YES;
				CLANG_ENABLE_OBJC_ARC = YES;
				CLANG_ENABLE_OBJC_WEAK = YES;
				CLANG_WARN_BLOCK_CAPTURE_AUTORELEASING = YES;
				CLANG_WARN_BOOL_CONVERSION = YES;
				CLANG_WARN_COMMA = YES;
				CLANG_WARN_CONSTANT_CONVERSION = YES;
				CLANG_WARN_DEPRECATED_OBJC_IMPLEMENTATIONS = YES;
				CLANG_WARN_DIRECT_OBJC_ISA_USAGE = YES_ERROR;
				CLANG_WARN_DOCUMENTATION_COMMENTS = YES;
				CLANG_WARN_EMPTY_BODY = YES;
				CLANG_WARN_ENUM_CONVERSION = YES;
				CLANG_WARN_INFINITE_RECURSION = YES;
				CLANG_WARN_INT_CONVERSION = YES;
				CLANG_WARN_NON_LITERAL_NULL_CONVERSION = YES;
				CLANG_WARN_OBJC_IMPLICIT_RETAIN_SELF = YES;
				CLANG_WARN_OBJC_LITERAL_CONVERSION = YES;
				CLANG_WARN_OBJC_ROOT_CLASS = YES_ERROR;
				CLANG_WARN_QUOTED_INCLUDE_IN_FRAMEWORK_HEADER = YES;
				CLANG_WARN_RANGE_LOOP_ANALYSIS = YES;
				CLANG_WARN_STRICT_PROTOTYPES = YES;
				CLANG_WARN_SUSPICIOUS_MOVE = YES;
				CLANG_WARN_UNGUARDED_AVAILABILITY = YES_AGGRESSIVE;
				CLANG_WARN_UNREACHABLE_CODE = YES;
				CLANG_WARN__DUPLICATE_METHOD_MATCH = YES;
				COPY_PHASE_STRIP = NO;
				DEBUG_INFORMATION_FORMAT = dwarf;
				ENABLE_STRICT_OBJC_MSGSEND = YES;
				ENABLE_TESTABILITY = YES;
				GCC_C_LANGUAGE_STANDARD = gnu11;
				GCC_DYNAMIC_NO_PIC = NO;
				GCC_NO_COMMON_BLOCKS = YES;
				GCC_OPTIMIZATION_LEVEL = 0;
				GCC_PREPROCESSOR_DEFINITIONS = (
					"DEBUG=1",
					"$(inherited)",
				);
				GCC_WARN_64_TO_32_BIT_CONVERSION = YES;
				GCC_WARN_ABOUT_RETURN_TYPE = YES_ERROR;
				GCC_WARN_UNDECLARED_SELECTOR = YES;
				GCC_WARN_UNINITIALIZED_AUTOS = YES_AGGRESSIVE;
				GCC_WARN_UNUSED_FUNCTION = YES;
				GCC_WARN_UNUSED_VARIABLE = YES;
				MTL_ENABLE_DEBUG_INFO = INCLUDE_SOURCE;
				MTL_FAST_MATH = YES;
				ONLY_ACTIVE_ARCH = YES;
				SWIFT_ACTIVE_COMPILATION_CONDITIONS = DEBUG;
				SWIFT_OPTIMIZATION_LEVEL = "-Onone";
			};
			name = Debug;
		};
		B7434C9C2ABE612500E4E90D /* Release */ = {
			isa = XCBuildConfiguration;
			buildSettings = {
				ALWAYS_SEARCH_USER_PATHS = NO;
				CLANG_ANALYZER_NONNULL = YES;
				CLANG_ANALYZER_NUMBER_OBJECT_CONVERSION = YES_AGGRESSIVE;
				CLANG_CXX_LANGUAGE_STANDARD = "gnu++20";
				CLANG_ENABLE_MODULES = YES;
				CLANG_ENABLE_OBJC_ARC = YES;
				CLANG_ENABLE_OBJC_WEAK = YES;
				CLANG_WARN_BLOCK_CAPTURE_AUTORELEASING = YES;
				CLANG_WARN_BOOL_CONVERSION = YES;
				CLANG_WARN_COMMA = YES;
				CLANG_WARN_CONSTANT_CONVERSION = YES;
				CLANG_WARN_DEPRECATED_OBJC_IMPLEMENTATIONS = YES;
				CLANG_WARN_DIRECT_OBJC_ISA_USAGE = YES_ERROR;
				CLANG_WARN_DOCUMENTATION_COMMENTS = YES;
				CLANG_WARN_EMPTY_BODY = YES;
				CLANG_WARN_ENUM_CONVERSION = YES;
				CLANG_WARN_INFINITE_RECURSION = YES;
				CLANG_WARN_INT_CONVERSION = YES;
				CLANG_WARN_NON_LITERAL_NULL_CONVERSION = YES;
				CLANG_WARN_OBJC_IMPLICIT_RETAIN_SELF = YES;
				CLANG_WARN_OBJC_LITERAL_CONVERSION = YES;
				CLANG_WARN_OBJC_ROOT_CLASS = YES_ERROR;
				CLANG_WARN_QUOTED_INCLUDE_IN_FRAMEWORK_HEADER = YES;
				CLANG_WARN_RANGE_LOOP_ANALYSIS = YES;
				CLANG_WARN_STRICT_PROTOTYPES = YES;
				CLANG_WARN_SUSPICIOUS_MOVE = YES;
				CLANG_WARN_UNGUARDED_AVAILABILITY = YES_AGGRESSIVE;
				CLANG_WARN_UNREACHABLE_CODE = YES;
				CLANG_WARN__DUPLICATE_METHOD_MATCH = YES;
				COPY_PHASE_STRIP = NO;
				DEBUG_INFORMATION_FORMAT = "dwarf-with-dsym";
				ENABLE_NS_ASSERTIONS = NO;
				ENABLE_STRICT_OBJC_MSGSEND = YES;
				GCC_C_LANGUAGE_STANDARD = gnu11;
				GCC_NO_COMMON_BLOCKS = YES;
				GCC_WARN_64_TO_32_BIT_CONVERSION = YES;
				GCC_WARN_ABOUT_RETURN_TYPE = YES_ERROR;
				GCC_WARN_UNDECLARED_SELECTOR = YES;
				GCC_WARN_UNINITIALIZED_AUTOS = YES_AGGRESSIVE;
				GCC_WARN_UNUSED_FUNCTION = YES;
				GCC_WARN_UNUSED_VARIABLE = YES;
				MTL_ENABLE_DEBUG_INFO = NO;
				MTL_FAST_MATH = YES;
				SWIFT_COMPILATION_MODE = wholemodule;
				SWIFT_OPTIMIZATION_LEVEL = "-O";
			};
			name = Release;
		};
		B7434C9E2ABE612500E4E90D /* Debug */ = {
			isa = XCBuildConfiguration;
			buildSettings = {
				ASSETCATALOG_COMPILER_APPICON_NAME = AppIcon;
				ASSETCATALOG_COMPILER_GLOBAL_ACCENT_COLOR_NAME = AccentColor;
				CODE_SIGN_ENTITLEMENTS = "Movie App/Movie_App.entitlements";
				CODE_SIGN_STYLE = Automatic;
				CURRENT_PROJECT_VERSION = 1;
				DEVELOPMENT_ASSET_PATHS = "\"Movie App/Preview Content\"";
				DEVELOPMENT_TEAM = PS7668TF8A;
				ENABLE_HARDENED_RUNTIME = YES;
				ENABLE_PREVIEWS = YES;
				GENERATE_INFOPLIST_FILE = YES;
				"INFOPLIST_KEY_UIApplicationSceneManifest_Generation[sdk=iphoneos*]" = YES;
				"INFOPLIST_KEY_UIApplicationSceneManifest_Generation[sdk=iphonesimulator*]" = YES;
				"INFOPLIST_KEY_UIApplicationSupportsIndirectInputEvents[sdk=iphoneos*]" = YES;
				"INFOPLIST_KEY_UIApplicationSupportsIndirectInputEvents[sdk=iphonesimulator*]" = YES;
				"INFOPLIST_KEY_UILaunchScreen_Generation[sdk=iphoneos*]" = YES;
				"INFOPLIST_KEY_UILaunchScreen_Generation[sdk=iphonesimulator*]" = YES;
				"INFOPLIST_KEY_UIStatusBarStyle[sdk=iphoneos*]" = UIStatusBarStyleDefault;
				"INFOPLIST_KEY_UIStatusBarStyle[sdk=iphonesimulator*]" = UIStatusBarStyleDefault;
				INFOPLIST_KEY_UISupportedInterfaceOrientations_iPad = "UIInterfaceOrientationPortrait UIInterfaceOrientationPortraitUpsideDown UIInterfaceOrientationLandscapeLeft UIInterfaceOrientationLandscapeRight";
				INFOPLIST_KEY_UISupportedInterfaceOrientations_iPhone = "UIInterfaceOrientationPortrait UIInterfaceOrientationLandscapeLeft UIInterfaceOrientationLandscapeRight";
				IPHONEOS_DEPLOYMENT_TARGET = 16.0;
				LD_RUNPATH_SEARCH_PATHS = "@executable_path/Frameworks";
				"LD_RUNPATH_SEARCH_PATHS[sdk=macosx*]" = "@executable_path/../Frameworks";
				MACOSX_DEPLOYMENT_TARGET = 13.3;
				MARKETING_VERSION = 1.0;
				PRODUCT_BUNDLE_IDENTIFIER = "com.ynj.Movie-App";
				PRODUCT_NAME = "$(TARGET_NAME)";
				SDKROOT = auto;
				SUPPORTED_PLATFORMS = "iphoneos iphonesimulator macosx";
				SWIFT_EMIT_LOC_STRINGS = YES;
				SWIFT_VERSION = 5.0;
				TARGETED_DEVICE_FAMILY = "1,2";
			};
			name = Debug;
		};
		B7434C9F2ABE612500E4E90D /* Release */ = {
			isa = XCBuildConfiguration;
			buildSettings = {
				ASSETCATALOG_COMPILER_APPICON_NAME = AppIcon;
				ASSETCATALOG_COMPILER_GLOBAL_ACCENT_COLOR_NAME = AccentColor;
				CODE_SIGN_ENTITLEMENTS = "Movie App/Movie_App.entitlements";
				CODE_SIGN_STYLE = Automatic;
				CURRENT_PROJECT_VERSION = 1;
				DEVELOPMENT_ASSET_PATHS = "\"Movie App/Preview Content\"";
				DEVELOPMENT_TEAM = PS7668TF8A;
				ENABLE_HARDENED_RUNTIME = YES;
				ENABLE_PREVIEWS = YES;
				GENERATE_INFOPLIST_FILE = YES;
				"INFOPLIST_KEY_UIApplicationSceneManifest_Generation[sdk=iphoneos*]" = YES;
				"INFOPLIST_KEY_UIApplicationSceneManifest_Generation[sdk=iphonesimulator*]" = YES;
				"INFOPLIST_KEY_UIApplicationSupportsIndirectInputEvents[sdk=iphoneos*]" = YES;
				"INFOPLIST_KEY_UIApplicationSupportsIndirectInputEvents[sdk=iphonesimulator*]" = YES;
				"INFOPLIST_KEY_UILaunchScreen_Generation[sdk=iphoneos*]" = YES;
				"INFOPLIST_KEY_UILaunchScreen_Generation[sdk=iphonesimulator*]" = YES;
				"INFOPLIST_KEY_UIStatusBarStyle[sdk=iphoneos*]" = UIStatusBarStyleDefault;
				"INFOPLIST_KEY_UIStatusBarStyle[sdk=iphonesimulator*]" = UIStatusBarStyleDefault;
				INFOPLIST_KEY_UISupportedInterfaceOrientations_iPad = "UIInterfaceOrientationPortrait UIInterfaceOrientationPortraitUpsideDown UIInterfaceOrientationLandscapeLeft UIInterfaceOrientationLandscapeRight";
				INFOPLIST_KEY_UISupportedInterfaceOrientations_iPhone = "UIInterfaceOrientationPortrait UIInterfaceOrientationLandscapeLeft UIInterfaceOrientationLandscapeRight";
				IPHONEOS_DEPLOYMENT_TARGET = 16.0;
				LD_RUNPATH_SEARCH_PATHS = "@executable_path/Frameworks";
				"LD_RUNPATH_SEARCH_PATHS[sdk=macosx*]" = "@executable_path/../Frameworks";
				MACOSX_DEPLOYMENT_TARGET = 13.3;
				MARKETING_VERSION = 1.0;
				PRODUCT_BUNDLE_IDENTIFIER = "com.ynj.Movie-App";
				PRODUCT_NAME = "$(TARGET_NAME)";
				SDKROOT = auto;
				SUPPORTED_PLATFORMS = "iphoneos iphonesimulator macosx";
				SWIFT_EMIT_LOC_STRINGS = YES;
				SWIFT_VERSION = 5.0;
				TARGETED_DEVICE_FAMILY = "1,2";
			};
			name = Release;
		};
/* End XCBuildConfiguration section */

/* Begin XCConfigurationList section */
		B7434C892ABE612200E4E90D /* Build configuration list for PBXProject "Movie App" */ = {
			isa = XCConfigurationList;
			buildConfigurations = (
				B7434C9B2ABE612500E4E90D /* Debug */,
				B7434C9C2ABE612500E4E90D /* Release */,
			);
			defaultConfigurationIsVisible = 0;
			defaultConfigurationName = Release;
		};
		B7434C9D2ABE612500E4E90D /* Build configuration list for PBXNativeTarget "Movie App" */ = {
			isa = XCConfigurationList;
			buildConfigurations = (
				B7434C9E2ABE612500E4E90D /* Debug */,
				B7434C9F2ABE612500E4E90D /* Release */,
			);
			defaultConfigurationIsVisible = 0;
			defaultConfigurationName = Release;
		};
/* End XCConfigurationList section */
	};
	rootObject = B7434C862ABE612200E4E90D /* Project object */;
}
